
Microsoft Visual Studio Solution File, Format Version 12.00
# Visual Studio Version 17
VisualStudioVersion = 17.11.35327.3
MinimumVisualStudioVersion = 10.0.40219.1
Project("{2150E333-8FDC-42A3-9474-1A3956D46DE8}") = "Presentation", "Presentation", "{4D9038A2-50A6-471D-8AF2-83C5200709C6}"
EndProject
Project("{2150E333-8FDC-42A3-9474-1A3956D46DE8}") = "Business", "Business", "{AFA0CBDD-0767-4993-8A5A-CEB242E1EA6C}"
EndProject
Project("{2150E333-8FDC-42A3-9474-1A3956D46DE8}") = "Shared", "Shared", "{87847F6A-2D71-49ED-A80A-FE7FBC3913F8}"
EndProject
Project("{2150E333-8FDC-42A3-9474-1A3956D46DE8}") = "Services", "Services", "{F3867032-96C3-4C68-9A51-8FD5DCFDAAE1}"
EndProject
Project("{9A19103F-16F7-4668-BE54-9A1E7A4F7556}") = "MHA.ELAN.Business", "Business\MHA.ELAN.Business\MHA.ELAN.Business.csproj", "{6C457249-DF85-4A59-B9C4-75393567C510}"
EndProject
Project("{2150E333-8FDC-42A3-9474-1A3956D46DE8}") = "Library", "Library", "{6F34CC69-02DE-4DDD-8962-0880B37C0CDA}"
EndProject
Project("{2150E333-8FDC-42A3-9474-1A3956D46DE8}") = "Excel4.5", "Excel4.5", "{60E8C098-3E3B-420A-8F9A-1BA55D2EC239}"
	ProjectSection(SolutionItems) = preProject
		Library\Excel4.5\Excel.4.5.dll = Library\Excel4.5\Excel.4.5.dll
		Library\Excel4.5\ICSharpCode.SharpZipLib.dll = Library\Excel4.5\ICSharpCode.SharpZipLib.dll
	EndProjectSection
EndProject
Project("{2150E333-8FDC-42A3-9474-1A3956D46DE8}") = "Data", "Data", "{02EA681E-C7D8-13C7-8484-4AC65E1B71E8}"
EndProject
Project("{2150E333-8FDC-42A3-9474-1A3956D46DE8}") = "Console", "Console", "{E7892A6B-438D-42C1-A979-9BA4AEDDE151}"
EndProject
Project("{2150E333-8FDC-42A3-9474-1A3956D46DE8}") = "TimerJob", "TimerJob", "{D6EC1DFF-DA01-4041-B3A9-DCB5152CC8B6}"
EndProject
Project("{FAE04EC0-301F-11D3-BF4B-00C04F79EFBC}") = "MHA.ELAN.TSCH.AutoAssignManager", "Console\TimerJob\MHA.ELAN.TSCH.AutoAssignManager\MHA.ELAN.TSCH.AutoAssignManager.csproj", "{AC8804BD-171E-26D9-936C-E8D32EC49D58}"
EndProject
Project("{FAE04EC0-301F-11D3-BF4B-00C04F79EFBC}") = "MHA.ELAN.TSCH.EmailReminder", "Console\TimerJob\MHA.ELAN.TSCH.EmailReminder\MHA.ELAN.TSCH.EmailReminder.csproj", "{D7C42103-5F68-7531-77D5-67D71B83314F}"
EndProject
Project("{FAE04EC0-301F-11D3-BF4B-00C04F79EFBC}") = "MHA.ELAN.Data", "Data\MHA.ELAN.Data\MHA.ELAN.Data.csproj", "{1A9D0066-F907-0966-CAEE-54B521E1D2E4}"
EndProject
Project("{FAE04EC0-301F-11D3-BF4B-00C04F79EFBC}") = "MHA.ELAN.Web", "Presentation\MHA.ELAN.Web\MHA.ELAN.Web.csproj", "{224F1DA5-DC5D-EDD3-35FA-D41024B5123F}"
EndProject
Project("{FAE04EC0-301F-11D3-BF4B-00C04F79EFBC}") = "MHA.ELAN.Services", "Services\MHA.ELAN.Services\MHA.ELAN.Services.csproj", "{001C798A-29E4-D7F8-45A2-BC53DE977E78}"
EndProject
Project("{FAE04EC0-301F-11D3-BF4B-00C04F79EFBC}") = "MHA.ELAN.Entities", "Shared\MHA.ELAN.Entities\MHA.ELAN.Entities.csproj", "{B8F70CD4-9453-7275-9ACD-CA31C0B0F221}"
EndProject
Project("{FAE04EC0-301F-11D3-BF4B-00C04F79EFBC}") = "MHA.ELAN.Framework", "Shared\MHA.ELAN.Framework\MHA.ELAN.Framework.csproj", "{C907B7B2-01CC-C9D5-4D9E-3817DB70FE08}"
EndProject
Global
	GlobalSection(SolutionConfigurationPlatforms) = preSolution
		Debug|Any CPU = Debug|Any CPU
		Release|Any CPU = Release|Any CPU
	EndGlobalSection
	GlobalSection(ProjectConfigurationPlatforms) = postSolution
		{6C457249-DF85-4A59-B9C4-75393567C510}.Debug|Any CPU.ActiveCfg = Debug|Any CPU
		{6C457249-DF85-4A59-B9C4-75393567C510}.Debug|Any CPU.Build.0 = Debug|Any CPU
		{6C457249-DF85-4A59-B9C4-75393567C510}.Release|Any CPU.ActiveCfg = Release|Any CPU
		{6C457249-DF85-4A59-B9C4-75393567C510}.Release|Any CPU.Build.0 = Release|Any CPU
		{AC8804BD-171E-26D9-936C-E8D32EC49D58}.Debug|Any CPU.ActiveCfg = Debug|Any CPU
		{AC8804BD-171E-26D9-936C-E8D32EC49D58}.Debug|Any CPU.Build.0 = Debug|Any CPU
		{AC8804BD-171E-26D9-936C-E8D32EC49D58}.Release|Any CPU.ActiveCfg = Release|Any CPU
		{AC8804BD-171E-26D9-936C-E8D32EC49D58}.Release|Any CPU.Build.0 = Release|Any CPU
		{D7C42103-5F68-7531-77D5-67D71B83314F}.Debug|Any CPU.ActiveCfg = Debug|Any CPU
		{D7C42103-5F68-7531-77D5-67D71B83314F}.Debug|Any CPU.Build.0 = Debug|Any CPU
		{D7C42103-5F68-7531-77D5-67D71B83314F}.Release|Any CPU.ActiveCfg = Release|Any CPU
		{D7C42103-5F68-7531-77D5-67D71B83314F}.Release|Any CPU.Build.0 = Release|Any CPU
		{1A9D0066-F907-0966-CAEE-54B521E1D2E4}.Debug|Any CPU.ActiveCfg = Debug|Any CPU
		{1A9D0066-F907-0966-CAEE-54B521E1D2E4}.Debug|Any CPU.Build.0 = Debug|Any CPU
		{1A9D0066-F907-0966-CAEE-54B521E1D2E4}.Release|Any CPU.ActiveCfg = Release|Any CPU
		{1A9D0066-F907-0966-CAEE-54B521E1D2E4}.Release|Any CPU.Build.0 = Release|Any CPU
		{224F1DA5-DC5D-EDD3-35FA-D41024B5123F}.Debug|Any CPU.ActiveCfg = Debug|Any CPU
		{224F1DA5-DC5D-EDD3-35FA-D41024B5123F}.Debug|Any CPU.Build.0 = Debug|Any CPU
		{224F1DA5-DC5D-EDD3-35FA-D41024B5123F}.Release|Any CPU.ActiveCfg = Release|Any CPU
		{224F1DA5-DC5D-EDD3-35FA-D41024B5123F}.Release|Any CPU.Build.0 = Release|Any CPU
		{001C798A-29E4-D7F8-45A2-BC53DE977E78}.Debug|Any CPU.ActiveCfg = Debug|Any CPU
		{001C798A-29E4-D7F8-45A2-BC53DE977E78}.Debug|Any CPU.Build.0 = Debug|Any CPU
		{001C798A-29E4-D7F8-45A2-BC53DE977E78}.Release|Any CPU.ActiveCfg = Release|Any CPU
		{001C798A-29E4-D7F8-45A2-BC53DE977E78}.Release|Any CPU.Build.0 = Release|Any CPU
		{B8F70CD4-9453-7275-9ACD-CA31C0B0F221}.Debug|Any CPU.ActiveCfg = Debug|Any CPU
		{B8F70CD4-9453-7275-9ACD-CA31C0B0F221}.Debug|Any CPU.Build.0 = Debug|Any CPU
		{B8F70CD4-9453-7275-9ACD-CA31C0B0F221}.Release|Any CPU.ActiveCfg = Release|Any CPU
		{B8F70CD4-9453-7275-9ACD-CA31C0B0F221}.Release|Any CPU.Build.0 = Release|Any CPU
		{C907B7B2-01CC-C9D5-4D9E-3817DB70FE08}.Debug|Any CPU.ActiveCfg = Debug|Any CPU
		{C907B7B2-01CC-C9D5-4D9E-3817DB70FE08}.Debug|Any CPU.Build.0 = Debug|Any CPU
		{C907B7B2-01CC-C9D5-4D9E-3817DB70FE08}.Release|Any CPU.ActiveCfg = Release|Any CPU
		{C907B7B2-01CC-C9D5-4D9E-3817DB70FE08}.Release|Any CPU.Build.0 = Release|Any CPU
	EndGlobalSection
	GlobalSection(SolutionProperties) = preSolution
		HideSolutionNode = FALSE
	EndGlobalSection
	GlobalSection(NestedProjects) = preSolution
		{6C457249-DF85-4A59-B9C4-75393567C510} = {AFA0CBDD-0767-4993-8A5A-CEB242E1EA6C}
		{60E8C098-3E3B-420A-8F9A-1BA55D2EC239} = {6F34CC69-02DE-4DDD-8962-0880B37C0CDA}
		{D6EC1DFF-DA01-4041-B3A9-DCB5152CC8B6} = {E7892A6B-438D-42C1-A979-9BA4AEDDE151}
		{AC8804BD-171E-26D9-936C-E8D32EC49D58} = {D6EC1DFF-DA01-4041-B3A9-DCB5152CC8B6}
		{D7C42103-5F68-7531-77D5-67D71B83314F} = {D6EC1DFF-DA01-4041-B3A9-DCB5152CC8B6}
		{1A9D0066-F907-0966-CAEE-54B521E1D2E4} = {02EA681E-C7D8-13C7-8484-4AC65E1B71E8}
		{224F1DA5-DC5D-EDD3-35FA-D41024B5123F} = {4D9038A2-50A6-471D-8AF2-83C5200709C6}
		{001C798A-29E4-D7F8-45A2-BC53DE977E78} = {F3867032-96C3-4C68-9A51-8FD5DCFDAAE1}
		{B8F70CD4-9453-7275-9ACD-CA31C0B0F221} = {87847F6A-2D71-49ED-A80A-FE7FBC3913F8}
		{C907B7B2-01CC-C9D5-4D9E-3817DB70FE08} = {87847F6A-2D71-49ED-A80A-FE7FBC3913F8}
	EndGlobalSection
	GlobalSection(ExtensibilityGlobals) = postSolution
		SolutionGuid = {DCC5581E-ABCB-41DC-83B1-F68B68C1E0FD}
	EndGlobalSection
EndGlobal
